// !$*UTF8*$!
{
	archiveVersion = 1;
	classes = {
	};
	objectVersion = 50;
	objects = {

/* Begin PBXBuildFile section */
		C261608323D6ED5700FA58DE /* inocDocumentation.swift in Sources */ = {isa = PBXBuildFile; fileRef = C261608223D6ED5600FA58DE /* inocDocumentation.swift */; };
		C28C6EBB23D7535D0057668D /* Exo-ExtraLightItalic.ttf in Resources */ = {isa = PBXBuildFile; fileRef = C28C6EA923D7535B0057668D /* Exo-ExtraLightItalic.ttf */; };
		C28C6EBC23D7535D0057668D /* Exo-LightItalic.ttf in Resources */ = {isa = PBXBuildFile; fileRef = C28C6EAA23D7535B0057668D /* Exo-LightItalic.ttf */; };
		C28C6EBD23D7535D0057668D /* Exo-ExtraBold.ttf in Resources */ = {isa = PBXBuildFile; fileRef = C28C6EAB23D7535B0057668D /* Exo-ExtraBold.ttf */; };
		C28C6EBE23D7535D0057668D /* Exo-BlackItalic.ttf in Resources */ = {isa = PBXBuildFile; fileRef = C28C6EAC23D7535B0057668D /* Exo-BlackItalic.ttf */; };
		C28C6EBF23D7535D0057668D /* Exo-SemiBold.ttf in Resources */ = {isa = PBXBuildFile; fileRef = C28C6EAD23D7535B0057668D /* Exo-SemiBold.ttf */; };
		C28C6EC023D7535D0057668D /* Exo-Black.ttf in Resources */ = {isa = PBXBuildFile; fileRef = C28C6EAE23D7535B0057668D /* Exo-Black.ttf */; };
		C28C6EC123D7535D0057668D /* Exo-Light.ttf in Resources */ = {isa = PBXBuildFile; fileRef = C28C6EAF23D7535C0057668D /* Exo-Light.ttf */; };
		C28C6EC223D7535D0057668D /* Exo-ThinItalic.ttf in Resources */ = {isa = PBXBuildFile; fileRef = C28C6EB023D7535C0057668D /* Exo-ThinItalic.ttf */; };
		C28C6EC323D7535D0057668D /* Exo-Bold.ttf in Resources */ = {isa = PBXBuildFile; fileRef = C28C6EB123D7535C0057668D /* Exo-Bold.ttf */; };
		C28C6EC423D7535D0057668D /* Exo-Thin.ttf in Resources */ = {isa = PBXBuildFile; fileRef = C28C6EB223D7535C0057668D /* Exo-Thin.ttf */; };
		C28C6EC523D7535D0057668D /* Exo-Regular.ttf in Resources */ = {isa = PBXBuildFile; fileRef = C28C6EB323D7535C0057668D /* Exo-Regular.ttf */; };
		C28C6EC623D7535D0057668D /* Exo-MediumItalic.ttf in Resources */ = {isa = PBXBuildFile; fileRef = C28C6EB423D7535C0057668D /* Exo-MediumItalic.ttf */; };
		C28C6EC723D7535D0057668D /* Exo-BoldItalic.ttf in Resources */ = {isa = PBXBuildFile; fileRef = C28C6EB523D7535C0057668D /* Exo-BoldItalic.ttf */; };
		C28C6EC823D7535D0057668D /* Exo-ExtraBoldItalic.ttf in Resources */ = {isa = PBXBuildFile; fileRef = C28C6EB623D7535C0057668D /* Exo-ExtraBoldItalic.ttf */; };
		C28C6EC923D7535D0057668D /* Exo-ExtraLight.ttf in Resources */ = {isa = PBXBuildFile; fileRef = C28C6EB723D7535D0057668D /* Exo-ExtraLight.ttf */; };
		C28C6ECA23D7535D0057668D /* Exo-Italic.ttf in Resources */ = {isa = PBXBuildFile; fileRef = C28C6EB823D7535D0057668D /* Exo-Italic.ttf */; };
		C28C6ECB23D7535D0057668D /* Exo-Medium.ttf in Resources */ = {isa = PBXBuildFile; fileRef = C28C6EB923D7535D0057668D /* Exo-Medium.ttf */; };
		C28C6ECC23D7535D0057668D /* Exo-SemiBoldItalic.ttf in Resources */ = {isa = PBXBuildFile; fileRef = C28C6EBA23D7535D0057668D /* Exo-SemiBoldItalic.ttf */; };
		C28C6ECE23D755700057668D /* NumberPadButton.swift in Sources */ = {isa = PBXBuildFile; fileRef = C28C6ECD23D755700057668D /* NumberPadButton.swift */; };
		C2ABCA9523E1999C000273E4 /* ResultButton.swift in Sources */ = {isa = PBXBuildFile; fileRef = C2ABCA9423E1999C000273E4 /* ResultButton.swift */; };
		C2ABCA9723E19CFD000273E4 /* SideDrawerButton.swift in Sources */ = {isa = PBXBuildFile; fileRef = C2ABCA9623E19CFD000273E4 /* SideDrawerButton.swift */; };
		C2CBF34323CF229C0089D758 /* AppDelegate.swift in Sources */ = {isa = PBXBuildFile; fileRef = C2CBF34223CF229C0089D758 /* AppDelegate.swift */; };
		C2CBF34523CF229C0089D758 /* SceneDelegate.swift in Sources */ = {isa = PBXBuildFile; fileRef = C2CBF34423CF229C0089D758 /* SceneDelegate.swift */; };
		C2CBF34723CF229C0089D758 /* ViewController.swift in Sources */ = {isa = PBXBuildFile; fileRef = C2CBF34623CF229C0089D758 /* ViewController.swift */; };
		C2CBF34A23CF229C0089D758 /* Main.storyboard in Resources */ = {isa = PBXBuildFile; fileRef = C2CBF34823CF229C0089D758 /* Main.storyboard */; };
		C2CBF34D23CF229C0089D758 /* INOC_Calculator.xcdatamodeld in Sources */ = {isa = PBXBuildFile; fileRef = C2CBF34B23CF229C0089D758 /* INOC_Calculator.xcdatamodeld */; };
		C2CBF34F23CF22AD0089D758 /* Assets.xcassets in Resources */ = {isa = PBXBuildFile; fileRef = C2CBF34E23CF22AD0089D758 /* Assets.xcassets */; };
		C2CBF35223CF22AD0089D758 /* LaunchScreen.storyboard in Resources */ = {isa = PBXBuildFile; fileRef = C2CBF35023CF22AD0089D758 /* LaunchScreen.storyboard */; };
		C2CBF35D23CF22AD0089D758 /* INOC_CalculatorTests.swift in Sources */ = {isa = PBXBuildFile; fileRef = C2CBF35C23CF22AD0089D758 /* INOC_CalculatorTests.swift */; };
		C2CBF36823CF22AD0089D758 /* INOC_CalculatorUITests.swift in Sources */ = {isa = PBXBuildFile; fileRef = C2CBF36723CF22AD0089D758 /* INOC_CalculatorUITests.swift */; };
		C2D992472410F21C0007B338 /* CalculationHistoryCell.swift in Sources */ = {isa = PBXBuildFile; fileRef = C2D992462410F21C0007B338 /* CalculationHistoryCell.swift */; };
		C2D992492410F7020007B338 /* Calculation.swift in Sources */ = {isa = PBXBuildFile; fileRef = C2D992482410F7020007B338 /* Calculation.swift */; };
		C2F7011D23D86393000809EB /* ImportantOperatorButtonMainScreen.swift in Sources */ = {isa = PBXBuildFile; fileRef = C2F7011C23D86393000809EB /* ImportantOperatorButtonMainScreen.swift */; };
		C2F7012123D864C0000809EB /* OperatorButtonMainScreen.swift in Sources */ = {isa = PBXBuildFile; fileRef = C2F7012023D864C0000809EB /* OperatorButtonMainScreen.swift */; };
/* End PBXBuildFile section */

/* Begin PBXContainerItemProxy section */
		C2CBF35923CF22AD0089D758 /* PBXContainerItemProxy */ = {
			isa = PBXContainerItemProxy;
			containerPortal = C2CBF33723CF229B0089D758 /* Project object */;
			proxyType = 1;
			remoteGlobalIDString = C2CBF33E23CF229B0089D758;
			remoteInfo = "INOC-Calculator";
		};
		C2CBF36423CF22AD0089D758 /* PBXContainerItemProxy */ = {
			isa = PBXContainerItemProxy;
			containerPortal = C2CBF33723CF229B0089D758 /* Project object */;
			proxyType = 1;
			remoteGlobalIDString = C2CBF33E23CF229B0089D758;
			remoteInfo = "INOC-Calculator";
		};
/* End PBXContainerItemProxy section */

/* Begin PBXFileReference section */
		C261608223D6ED5600FA58DE /* inocDocumentation.swift */ = {isa = PBXFileReference; fileEncoding = 4; lastKnownFileType = sourcecode.swift; path = inocDocumentation.swift; sourceTree = "<group>"; };
		C28C6EA923D7535B0057668D /* Exo-ExtraLightItalic.ttf */ = {isa = PBXFileReference; lastKnownFileType = file; path = "Exo-ExtraLightItalic.ttf"; sourceTree = "<group>"; };
		C28C6EAA23D7535B0057668D /* Exo-LightItalic.ttf */ = {isa = PBXFileReference; lastKnownFileType = file; path = "Exo-LightItalic.ttf"; sourceTree = "<group>"; };
		C28C6EAB23D7535B0057668D /* Exo-ExtraBold.ttf */ = {isa = PBXFileReference; lastKnownFileType = file; path = "Exo-ExtraBold.ttf"; sourceTree = "<group>"; };
		C28C6EAC23D7535B0057668D /* Exo-BlackItalic.ttf */ = {isa = PBXFileReference; lastKnownFileType = file; path = "Exo-BlackItalic.ttf"; sourceTree = "<group>"; };
		C28C6EAD23D7535B0057668D /* Exo-SemiBold.ttf */ = {isa = PBXFileReference; lastKnownFileType = file; path = "Exo-SemiBold.ttf"; sourceTree = "<group>"; };
		C28C6EAE23D7535B0057668D /* Exo-Black.ttf */ = {isa = PBXFileReference; lastKnownFileType = file; path = "Exo-Black.ttf"; sourceTree = "<group>"; };
		C28C6EAF23D7535C0057668D /* Exo-Light.ttf */ = {isa = PBXFileReference; lastKnownFileType = file; path = "Exo-Light.ttf"; sourceTree = "<group>"; };
		C28C6EB023D7535C0057668D /* Exo-ThinItalic.ttf */ = {isa = PBXFileReference; lastKnownFileType = file; path = "Exo-ThinItalic.ttf"; sourceTree = "<group>"; };
		C28C6EB123D7535C0057668D /* Exo-Bold.ttf */ = {isa = PBXFileReference; lastKnownFileType = file; path = "Exo-Bold.ttf"; sourceTree = "<group>"; };
		C28C6EB223D7535C0057668D /* Exo-Thin.ttf */ = {isa = PBXFileReference; lastKnownFileType = file; path = "Exo-Thin.ttf"; sourceTree = "<group>"; };
		C28C6EB323D7535C0057668D /* Exo-Regular.ttf */ = {isa = PBXFileReference; lastKnownFileType = file; path = "Exo-Regular.ttf"; sourceTree = "<group>"; };
		C28C6EB423D7535C0057668D /* Exo-MediumItalic.ttf */ = {isa = PBXFileReference; lastKnownFileType = file; path = "Exo-MediumItalic.ttf"; sourceTree = "<group>"; };
		C28C6EB523D7535C0057668D /* Exo-BoldItalic.ttf */ = {isa = PBXFileReference; lastKnownFileType = file; path = "Exo-BoldItalic.ttf"; sourceTree = "<group>"; };
		C28C6EB623D7535C0057668D /* Exo-ExtraBoldItalic.ttf */ = {isa = PBXFileReference; lastKnownFileType = file; path = "Exo-ExtraBoldItalic.ttf"; sourceTree = "<group>"; };
		C28C6EB723D7535D0057668D /* Exo-ExtraLight.ttf */ = {isa = PBXFileReference; lastKnownFileType = file; path = "Exo-ExtraLight.ttf"; sourceTree = "<group>"; };
		C28C6EB823D7535D0057668D /* Exo-Italic.ttf */ = {isa = PBXFileReference; lastKnownFileType = file; path = "Exo-Italic.ttf"; sourceTree = "<group>"; };
		C28C6EB923D7535D0057668D /* Exo-Medium.ttf */ = {isa = PBXFileReference; lastKnownFileType = file; path = "Exo-Medium.ttf"; sourceTree = "<group>"; };
		C28C6EBA23D7535D0057668D /* Exo-SemiBoldItalic.ttf */ = {isa = PBXFileReference; lastKnownFileType = file; path = "Exo-SemiBoldItalic.ttf"; sourceTree = "<group>"; };
		C28C6ECD23D755700057668D /* NumberPadButton.swift */ = {isa = PBXFileReference; lastKnownFileType = sourcecode.swift; path = NumberPadButton.swift; sourceTree = "<group>"; };
		C2ABCA9423E1999C000273E4 /* ResultButton.swift */ = {isa = PBXFileReference; lastKnownFileType = sourcecode.swift; name = ResultButton.swift; path = ../ResultButton.swift; sourceTree = "<group>"; };
		C2ABCA9623E19CFD000273E4 /* SideDrawerButton.swift */ = {isa = PBXFileReference; lastKnownFileType = sourcecode.swift; path = SideDrawerButton.swift; sourceTree = "<group>"; };
		C2CBF33F23CF229B0089D758 /* INOC-Calculator.app */ = {isa = PBXFileReference; explicitFileType = wrapper.application; includeInIndex = 0; path = "INOC-Calculator.app"; sourceTree = BUILT_PRODUCTS_DIR; };
		C2CBF34223CF229C0089D758 /* AppDelegate.swift */ = {isa = PBXFileReference; lastKnownFileType = sourcecode.swift; path = AppDelegate.swift; sourceTree = "<group>"; };
		C2CBF34423CF229C0089D758 /* SceneDelegate.swift */ = {isa = PBXFileReference; lastKnownFileType = sourcecode.swift; path = SceneDelegate.swift; sourceTree = "<group>"; };
		C2CBF34623CF229C0089D758 /* ViewController.swift */ = {isa = PBXFileReference; lastKnownFileType = sourcecode.swift; path = ViewController.swift; sourceTree = "<group>"; };
		C2CBF34923CF229C0089D758 /* Base */ = {isa = PBXFileReference; lastKnownFileType = file.storyboard; name = Base; path = Base.lproj/Main.storyboard; sourceTree = "<group>"; };
		C2CBF34C23CF229C0089D758 /* INOC_Calculator.xcdatamodel */ = {isa = PBXFileReference; lastKnownFileType = wrapper.xcdatamodel; path = INOC_Calculator.xcdatamodel; sourceTree = "<group>"; };
		C2CBF34E23CF22AD0089D758 /* Assets.xcassets */ = {isa = PBXFileReference; lastKnownFileType = folder.assetcatalog; path = Assets.xcassets; sourceTree = "<group>"; };
		C2CBF35123CF22AD0089D758 /* Base */ = {isa = PBXFileReference; lastKnownFileType = file.storyboard; name = Base; path = Base.lproj/LaunchScreen.storyboard; sourceTree = "<group>"; };
		C2CBF35323CF22AD0089D758 /* Info.plist */ = {isa = PBXFileReference; lastKnownFileType = text.plist.xml; path = Info.plist; sourceTree = "<group>"; };
		C2CBF35823CF22AD0089D758 /* INOC-CalculatorTests.xctest */ = {isa = PBXFileReference; explicitFileType = wrapper.cfbundle; includeInIndex = 0; path = "INOC-CalculatorTests.xctest"; sourceTree = BUILT_PRODUCTS_DIR; };
		C2CBF35C23CF22AD0089D758 /* INOC_CalculatorTests.swift */ = {isa = PBXFileReference; lastKnownFileType = sourcecode.swift; path = INOC_CalculatorTests.swift; sourceTree = "<group>"; };
		C2CBF35E23CF22AD0089D758 /* Info.plist */ = {isa = PBXFileReference; lastKnownFileType = text.plist.xml; path = Info.plist; sourceTree = "<group>"; };
		C2CBF36323CF22AD0089D758 /* INOC-CalculatorUITests.xctest */ = {isa = PBXFileReference; explicitFileType = wrapper.cfbundle; includeInIndex = 0; path = "INOC-CalculatorUITests.xctest"; sourceTree = BUILT_PRODUCTS_DIR; };
		C2CBF36723CF22AD0089D758 /* INOC_CalculatorUITests.swift */ = {isa = PBXFileReference; lastKnownFileType = sourcecode.swift; path = INOC_CalculatorUITests.swift; sourceTree = "<group>"; };
		C2CBF36923CF22AD0089D758 /* Info.plist */ = {isa = PBXFileReference; lastKnownFileType = text.plist.xml; path = Info.plist; sourceTree = "<group>"; };
		C2D992462410F21C0007B338 /* CalculationHistoryCell.swift */ = {isa = PBXFileReference; lastKnownFileType = sourcecode.swift; path = CalculationHistoryCell.swift; sourceTree = "<group>"; };
		C2D992482410F7020007B338 /* Calculation.swift */ = {isa = PBXFileReference; lastKnownFileType = sourcecode.swift; path = Calculation.swift; sourceTree = "<group>"; };
		C2F7011C23D86393000809EB /* ImportantOperatorButtonMainScreen.swift */ = {isa = PBXFileReference; lastKnownFileType = sourcecode.swift; path = ImportantOperatorButtonMainScreen.swift; sourceTree = "<group>"; };
		C2F7012023D864C0000809EB /* OperatorButtonMainScreen.swift */ = {isa = PBXFileReference; lastKnownFileType = sourcecode.swift; path = OperatorButtonMainScreen.swift; sourceTree = "<group>"; };
/* End PBXFileReference section */

/* Begin PBXFrameworksBuildPhase section */
		C2CBF33C23CF229B0089D758 /* Frameworks */ = {
			isa = PBXFrameworksBuildPhase;
			buildActionMask = 2147483647;
			files = (
			);
			runOnlyForDeploymentPostprocessing = 0;
		};
		C2CBF35523CF22AD0089D758 /* Frameworks */ = {
			isa = PBXFrameworksBuildPhase;
			buildActionMask = 2147483647;
			files = (
			);
			runOnlyForDeploymentPostprocessing = 0;
		};
		C2CBF36023CF22AD0089D758 /* Frameworks */ = {
			isa = PBXFrameworksBuildPhase;
			buildActionMask = 2147483647;
			files = (
			);
			runOnlyForDeploymentPostprocessing = 0;
		};
/* End PBXFrameworksBuildPhase section */

/* Begin PBXGroup section */
		C28C6EA823D753390057668D /* Font */ = {
			isa = PBXGroup;
			children = (
				C28C6EAE23D7535B0057668D /* Exo-Black.ttf */,
				C28C6EAC23D7535B0057668D /* Exo-BlackItalic.ttf */,
				C28C6EB123D7535C0057668D /* Exo-Bold.ttf */,
				C28C6EB523D7535C0057668D /* Exo-BoldItalic.ttf */,
				C28C6EAB23D7535B0057668D /* Exo-ExtraBold.ttf */,
				C28C6EB623D7535C0057668D /* Exo-ExtraBoldItalic.ttf */,
				C28C6EB723D7535D0057668D /* Exo-ExtraLight.ttf */,
				C28C6EA923D7535B0057668D /* Exo-ExtraLightItalic.ttf */,
				C28C6EB823D7535D0057668D /* Exo-Italic.ttf */,
				C28C6EAF23D7535C0057668D /* Exo-Light.ttf */,
				C28C6EAA23D7535B0057668D /* Exo-LightItalic.ttf */,
				C28C6EB923D7535D0057668D /* Exo-Medium.ttf */,
				C28C6EB423D7535C0057668D /* Exo-MediumItalic.ttf */,
				C28C6EB323D7535C0057668D /* Exo-Regular.ttf */,
				C28C6EAD23D7535B0057668D /* Exo-SemiBold.ttf */,
				C28C6EBA23D7535D0057668D /* Exo-SemiBoldItalic.ttf */,
				C28C6EB223D7535C0057668D /* Exo-Thin.ttf */,
				C28C6EB023D7535C0057668D /* Exo-ThinItalic.ttf */,
			);
			path = Font;
			sourceTree = "<group>";
		};
		C2CBF33623CF229B0089D758 = {
			isa = PBXGroup;
			children = (
				C2CBF34123CF229B0089D758 /* INOC-Calculator */,
				C2CBF35B23CF22AD0089D758 /* INOC-CalculatorTests */,
				C2CBF36623CF22AD0089D758 /* INOC-CalculatorUITests */,
				C2CBF34023CF229B0089D758 /* Products */,
			);
			sourceTree = "<group>";
		};
		C2CBF34023CF229B0089D758 /* Products */ = {
			isa = PBXGroup;
			children = (
				C2CBF33F23CF229B0089D758 /* INOC-Calculator.app */,
				C2CBF35823CF22AD0089D758 /* INOC-CalculatorTests.xctest */,
				C2CBF36323CF22AD0089D758 /* INOC-CalculatorUITests.xctest */,
			);
			name = Products;
			sourceTree = "<group>";
		};
		C2CBF34123CF229B0089D758 /* INOC-Calculator */ = {
			isa = PBXGroup;
			children = (
				C28C6EA823D753390057668D /* Font */,
				C2F7011C23D86393000809EB /* ImportantOperatorButtonMainScreen.swift */,
				C2ABCA9623E19CFD000273E4 /* SideDrawerButton.swift */,
				C2ABCA9423E1999C000273E4 /* ResultButton.swift */,
				C28C6ECD23D755700057668D /* NumberPadButton.swift */,
				C2F7012023D864C0000809EB /* OperatorButtonMainScreen.swift */,
				C2CBF34223CF229C0089D758 /* AppDelegate.swift */,
				C2CBF34423CF229C0089D758 /* SceneDelegate.swift */,
				C2CBF34623CF229C0089D758 /* ViewController.swift */,
				C2CBF34823CF229C0089D758 /* Main.storyboard */,
				C2CBF34E23CF22AD0089D758 /* Assets.xcassets */,
				C2CBF35023CF22AD0089D758 /* LaunchScreen.storyboard */,
				C2CBF35323CF22AD0089D758 /* Info.plist */,
				C2CBF34B23CF229C0089D758 /* INOC_Calculator.xcdatamodeld */,
				C261608223D6ED5600FA58DE /* inocDocumentation.swift */,
				C2D992462410F21C0007B338 /* CalculationHistoryCell.swift */,
				C2D992482410F7020007B338 /* Calculation.swift */,
			);
			path = "INOC-Calculator";
			sourceTree = "<group>";
		};
		C2CBF35B23CF22AD0089D758 /* INOC-CalculatorTests */ = {
			isa = PBXGroup;
			children = (
				C2CBF35C23CF22AD0089D758 /* INOC_CalculatorTests.swift */,
				C2CBF35E23CF22AD0089D758 /* Info.plist */,
			);
			path = "INOC-CalculatorTests";
			sourceTree = "<group>";
		};
		C2CBF36623CF22AD0089D758 /* INOC-CalculatorUITests */ = {
			isa = PBXGroup;
			children = (
				C2CBF36723CF22AD0089D758 /* INOC_CalculatorUITests.swift */,
				C2CBF36923CF22AD0089D758 /* Info.plist */,
			);
			path = "INOC-CalculatorUITests";
			sourceTree = "<group>";
		};
/* End PBXGroup section */

/* Begin PBXNativeTarget section */
		C2CBF33E23CF229B0089D758 /* INOC-Calculator */ = {
			isa = PBXNativeTarget;
			buildConfigurationList = C2CBF36C23CF22AD0089D758 /* Build configuration list for PBXNativeTarget "INOC-Calculator" */;
			buildPhases = (
				C2CBF33B23CF229B0089D758 /* Sources */,
				C2CBF33C23CF229B0089D758 /* Frameworks */,
				C2CBF33D23CF229B0089D758 /* Resources */,
			);
			buildRules = (
			);
			dependencies = (
			);
			name = "INOC-Calculator";
			productName = "INOC-Calculator";
			productReference = C2CBF33F23CF229B0089D758 /* INOC-Calculator.app */;
			productType = "com.apple.product-type.application";
		};
		C2CBF35723CF22AD0089D758 /* INOC-CalculatorTests */ = {
			isa = PBXNativeTarget;
			buildConfigurationList = C2CBF36F23CF22AD0089D758 /* Build configuration list for PBXNativeTarget "INOC-CalculatorTests" */;
			buildPhases = (
				C2CBF35423CF22AD0089D758 /* Sources */,
				C2CBF35523CF22AD0089D758 /* Frameworks */,
				C2CBF35623CF22AD0089D758 /* Resources */,
			);
			buildRules = (
			);
			dependencies = (
				C2CBF35A23CF22AD0089D758 /* PBXTargetDependency */,
			);
			name = "INOC-CalculatorTests";
			productName = "INOC-CalculatorTests";
			productReference = C2CBF35823CF22AD0089D758 /* INOC-CalculatorTests.xctest */;
			productType = "com.apple.product-type.bundle.unit-test";
		};
		C2CBF36223CF22AD0089D758 /* INOC-CalculatorUITests */ = {
			isa = PBXNativeTarget;
			buildConfigurationList = C2CBF37223CF22AD0089D758 /* Build configuration list for PBXNativeTarget "INOC-CalculatorUITests" */;
			buildPhases = (
				C2CBF35F23CF22AD0089D758 /* Sources */,
				C2CBF36023CF22AD0089D758 /* Frameworks */,
				C2CBF36123CF22AD0089D758 /* Resources */,
			);
			buildRules = (
			);
			dependencies = (
				C2CBF36523CF22AD0089D758 /* PBXTargetDependency */,
			);
			name = "INOC-CalculatorUITests";
			productName = "INOC-CalculatorUITests";
			productReference = C2CBF36323CF22AD0089D758 /* INOC-CalculatorUITests.xctest */;
			productType = "com.apple.product-type.bundle.ui-testing";
		};
/* End PBXNativeTarget section */

/* Begin PBXProject section */
		C2CBF33723CF229B0089D758 /* Project object */ = {
			isa = PBXProject;
			attributes = {
				LastSwiftUpdateCheck = 1130;
				LastUpgradeCheck = 1130;
				ORGANIZATIONNAME = "XU Exponential University";
				TargetAttributes = {
					C2CBF33E23CF229B0089D758 = {
						CreatedOnToolsVersion = 11.3;
					};
					C2CBF35723CF22AD0089D758 = {
						CreatedOnToolsVersion = 11.3;
						TestTargetID = C2CBF33E23CF229B0089D758;
					};
					C2CBF36223CF22AD0089D758 = {
						CreatedOnToolsVersion = 11.3;
						TestTargetID = C2CBF33E23CF229B0089D758;
					};
				};
			};
			buildConfigurationList = C2CBF33A23CF229B0089D758 /* Build configuration list for PBXProject "INOC-Calculator" */;
			compatibilityVersion = "Xcode 9.3";
			developmentRegion = en;
			hasScannedForEncodings = 0;
			knownRegions = (
				en,
				Base,
			);
			mainGroup = C2CBF33623CF229B0089D758;
			productRefGroup = C2CBF34023CF229B0089D758 /* Products */;
			projectDirPath = "";
			projectRoot = "";
			targets = (
				C2CBF33E23CF229B0089D758 /* INOC-Calculator */,
				C2CBF35723CF22AD0089D758 /* INOC-CalculatorTests */,
				C2CBF36223CF22AD0089D758 /* INOC-CalculatorUITests */,
			);
		};
/* End PBXProject section */

/* Begin PBXResourcesBuildPhase section */
		C2CBF33D23CF229B0089D758 /* Resources */ = {
			isa = PBXResourcesBuildPhase;
			buildActionMask = 2147483647;
			files = (
				C28C6ECB23D7535D0057668D /* Exo-Medium.ttf in Resources */,
				C28C6EC423D7535D0057668D /* Exo-Thin.ttf in Resources */,
				C28C6EC623D7535D0057668D /* Exo-MediumItalic.ttf in Resources */,
				C28C6EBE23D7535D0057668D /* Exo-BlackItalic.ttf in Resources */,
				C2CBF35223CF22AD0089D758 /* LaunchScreen.storyboard in Resources */,
				C28C6EC823D7535D0057668D /* Exo-ExtraBoldItalic.ttf in Resources */,
				C28C6EC923D7535D0057668D /* Exo-ExtraLight.ttf in Resources */,
				C28C6EBC23D7535D0057668D /* Exo-LightItalic.ttf in Resources */,
				C28C6EC523D7535D0057668D /* Exo-Regular.ttf in Resources */,
				C2CBF34F23CF22AD0089D758 /* Assets.xcassets in Resources */,
				C28C6EBF23D7535D0057668D /* Exo-SemiBold.ttf in Resources */,
				C28C6EBD23D7535D0057668D /* Exo-ExtraBold.ttf in Resources */,
				C28C6EC323D7535D0057668D /* Exo-Bold.ttf in Resources */,
				C28C6EC223D7535D0057668D /* Exo-ThinItalic.ttf in Resources */,
				C2CBF34A23CF229C0089D758 /* Main.storyboard in Resources */,
				C28C6EC023D7535D0057668D /* Exo-Black.ttf in Resources */,
				C28C6EC123D7535D0057668D /* Exo-Light.ttf in Resources */,
				C28C6ECA23D7535D0057668D /* Exo-Italic.ttf in Resources */,
				C28C6EC723D7535D0057668D /* Exo-BoldItalic.ttf in Resources */,
				C28C6ECC23D7535D0057668D /* Exo-SemiBoldItalic.ttf in Resources */,
				C28C6EBB23D7535D0057668D /* Exo-ExtraLightItalic.ttf in Resources */,
			);
			runOnlyForDeploymentPostprocessing = 0;
		};
		C2CBF35623CF22AD0089D758 /* Resources */ = {
			isa = PBXResourcesBuildPhase;
			buildActionMask = 2147483647;
			files = (
			);
			runOnlyForDeploymentPostprocessing = 0;
		};
		C2CBF36123CF22AD0089D758 /* Resources */ = {
			isa = PBXResourcesBuildPhase;
			buildActionMask = 2147483647;
			files = (
			);
			runOnlyForDeploymentPostprocessing = 0;
		};
/* End PBXResourcesBuildPhase section */

/* Begin PBXSourcesBuildPhase section */
		C2CBF33B23CF229B0089D758 /* Sources */ = {
			isa = PBXSourcesBuildPhase;
			buildActionMask = 2147483647;
			files = (
				C2F7012123D864C0000809EB /* OperatorButtonMainScreen.swift in Sources */,
				C2D992472410F21C0007B338 /* CalculationHistoryCell.swift in Sources */,
				C2F7011D23D86393000809EB /* ImportantOperatorButtonMainScreen.swift in Sources */,
				C2CBF34723CF229C0089D758 /* ViewController.swift in Sources */,
				C2CBF34323CF229C0089D758 /* AppDelegate.swift in Sources */,
				C28C6ECE23D755700057668D /* NumberPadButton.swift in Sources */,
				C2CBF34D23CF229C0089D758 /* INOC_Calculator.xcdatamodeld in Sources */,
				C2D992492410F7020007B338 /* Calculation.swift in Sources */,
				C2CBF34523CF229C0089D758 /* SceneDelegate.swift in Sources */,
				C2ABCA9723E19CFD000273E4 /* SideDrawerButton.swift in Sources */,
				C2ABCA9523E1999C000273E4 /* ResultButton.swift in Sources */,
				C261608323D6ED5700FA58DE /* inocDocumentation.swift in Sources */,
			);
			runOnlyForDeploymentPostprocessing = 0;
		};
		C2CBF35423CF22AD0089D758 /* Sources */ = {
			isa = PBXSourcesBuildPhase;
			buildActionMask = 2147483647;
			files = (
				C2CBF35D23CF22AD0089D758 /* INOC_CalculatorTests.swift in Sources */,
			);
			runOnlyForDeploymentPostprocessing = 0;
		};
		C2CBF35F23CF22AD0089D758 /* Sources */ = {
			isa = PBXSourcesBuildPhase;
			buildActionMask = 2147483647;
			files = (
				C2CBF36823CF22AD0089D758 /* INOC_CalculatorUITests.swift in Sources */,
			);
			runOnlyForDeploymentPostprocessing = 0;
		};
/* End PBXSourcesBuildPhase section */

/* Begin PBXTargetDependency section */
		C2CBF35A23CF22AD0089D758 /* PBXTargetDependency */ = {
			isa = PBXTargetDependency;
			target = C2CBF33E23CF229B0089D758 /* INOC-Calculator */;
			targetProxy = C2CBF35923CF22AD0089D758 /* PBXContainerItemProxy */;
		};
		C2CBF36523CF22AD0089D758 /* PBXTargetDependency */ = {
			isa = PBXTargetDependency;
			target = C2CBF33E23CF229B0089D758 /* INOC-Calculator */;
			targetProxy = C2CBF36423CF22AD0089D758 /* PBXContainerItemProxy */;
		};
/* End PBXTargetDependency section */

/* Begin PBXVariantGroup section */
		C2CBF34823CF229C0089D758 /* Main.storyboard */ = {
			isa = PBXVariantGroup;
			children = (
				C2CBF34923CF229C0089D758 /* Base */,
			);
			name = Main.storyboard;
			sourceTree = "<group>";
		};
		C2CBF35023CF22AD0089D758 /* LaunchScreen.storyboard */ = {
			isa = PBXVariantGroup;
			children = (
				C2CBF35123CF22AD0089D758 /* Base */,
			);
			name = LaunchScreen.storyboard;
			sourceTree = "<group>";
		};
/* End PBXVariantGroup section */

/* Begin XCBuildConfiguration section */
		C2CBF36A23CF22AD0089D758 /* Debug */ = {
			isa = XCBuildConfiguration;
			buildSettings = {
				ALWAYS_SEARCH_USER_PATHS = NO;
				CLANG_ANALYZER_NONNULL = YES;
				CLANG_ANALYZER_NUMBER_OBJECT_CONVERSION = YES_AGGRESSIVE;
				CLANG_CXX_LANGUAGE_STANDARD = "gnu++14";
				CLANG_CXX_LIBRARY = "libc++";
				CLANG_ENABLE_MODULES = YES;
				CLANG_ENABLE_OBJC_ARC = YES;
				CLANG_ENABLE_OBJC_WEAK = YES;
				CLANG_WARN_BLOCK_CAPTURE_AUTORELEASING = YES;
				CLANG_WARN_BOOL_CONVERSION = YES;
				CLANG_WARN_COMMA = YES;
				CLANG_WARN_CONSTANT_CONVERSION = YES;
				CLANG_WARN_DEPRECATED_OBJC_IMPLEMENTATIONS = YES;
				CLANG_WARN_DIRECT_OBJC_ISA_USAGE = YES_ERROR;
				CLANG_WARN_DOCUMENTATION_COMMENTS = YES;
				CLANG_WARN_EMPTY_BODY = YES;
				CLANG_WARN_ENUM_CONVERSION = YES;
				CLANG_WARN_INFINITE_RECURSION = YES;
				CLANG_WARN_INT_CONVERSION = YES;
				CLANG_WARN_NON_LITERAL_NULL_CONVERSION = YES;
				CLANG_WARN_OBJC_IMPLICIT_RETAIN_SELF = YES;
				CLANG_WARN_OBJC_LITERAL_CONVERSION = YES;
				CLANG_WARN_OBJC_ROOT_CLASS = YES_ERROR;
				CLANG_WARN_RANGE_LOOP_ANALYSIS = YES;
				CLANG_WARN_STRICT_PROTOTYPES = YES;
				CLANG_WARN_SUSPICIOUS_MOVE = YES;
				CLANG_WARN_UNGUARDED_AVAILABILITY = YES_AGGRESSIVE;
				CLANG_WARN_UNREACHABLE_CODE = YES;
				CLANG_WARN__DUPLICATE_METHOD_MATCH = YES;
				COPY_PHASE_STRIP = NO;
				DEBUG_INFORMATION_FORMAT = dwarf;
				ENABLE_STRICT_OBJC_MSGSEND = YES;
				ENABLE_TESTABILITY = YES;
				GCC_C_LANGUAGE_STANDARD = gnu11;
				GCC_DYNAMIC_NO_PIC = NO;
				GCC_NO_COMMON_BLOCKS = YES;
				GCC_OPTIMIZATION_LEVEL = 0;
				GCC_PREPROCESSOR_DEFINITIONS = (
					"DEBUG=1",
					"$(inherited)",
				);
				GCC_WARN_64_TO_32_BIT_CONVERSION = YES;
				GCC_WARN_ABOUT_RETURN_TYPE = YES_ERROR;
				GCC_WARN_UNDECLARED_SELECTOR = YES;
				GCC_WARN_UNINITIALIZED_AUTOS = YES_AGGRESSIVE;
				GCC_WARN_UNUSED_FUNCTION = YES;
				GCC_WARN_UNUSED_VARIABLE = YES;
				IPHONEOS_DEPLOYMENT_TARGET = 13.2;
				MTL_ENABLE_DEBUG_INFO = INCLUDE_SOURCE;
				MTL_FAST_MATH = YES;
				ONLY_ACTIVE_ARCH = YES;
				SDKROOT = iphoneos;
				SWIFT_ACTIVE_COMPILATION_CONDITIONS = DEBUG;
				SWIFT_OPTIMIZATION_LEVEL = "-Onone";
			};
			name = Debug;
		};
		C2CBF36B23CF22AD0089D758 /* Release */ = {
			isa = XCBuildConfiguration;
			buildSettings = {
				ALWAYS_SEARCH_USER_PATHS = NO;
				CLANG_ANALYZER_NONNULL = YES;
				CLANG_ANALYZER_NUMBER_OBJECT_CONVERSION = YES_AGGRESSIVE;
				CLANG_CXX_LANGUAGE_STANDARD = "gnu++14";
				CLANG_CXX_LIBRARY = "libc++";
				CLANG_ENABLE_MODULES = YES;
				CLANG_ENABLE_OBJC_ARC = YES;
				CLANG_ENABLE_OBJC_WEAK = YES;
				CLANG_WARN_BLOCK_CAPTURE_AUTORELEASING = YES;
				CLANG_WARN_BOOL_CONVERSION = YES;
				CLANG_WARN_COMMA = YES;
				CLANG_WARN_CONSTANT_CONVERSION = YES;
				CLANG_WARN_DEPRECATED_OBJC_IMPLEMENTATIONS = YES;
				CLANG_WARN_DIRECT_OBJC_ISA_USAGE = YES_ERROR;
				CLANG_WARN_DOCUMENTATION_COMMENTS = YES;
				CLANG_WARN_EMPTY_BODY = YES;
				CLANG_WARN_ENUM_CONVERSION = YES;
				CLANG_WARN_INFINITE_RECURSION = YES;
				CLANG_WARN_INT_CONVERSION = YES;
				CLANG_WARN_NON_LITERAL_NULL_CONVERSION = YES;
				CLANG_WARN_OBJC_IMPLICIT_RETAIN_SELF = YES;
				CLANG_WARN_OBJC_LITERAL_CONVERSION = YES;
				CLANG_WARN_OBJC_ROOT_CLASS = YES_ERROR;
				CLANG_WARN_RANGE_LOOP_ANALYSIS = YES;
				CLANG_WARN_STRICT_PROTOTYPES = YES;
				CLANG_WARN_SUSPICIOUS_MOVE = YES;
				CLANG_WARN_UNGUARDED_AVAILABILITY = YES_AGGRESSIVE;
				CLANG_WARN_UNREACHABLE_CODE = YES;
				CLANG_WARN__DUPLICATE_METHOD_MATCH = YES;
				COPY_PHASE_STRIP = NO;
				DEBUG_INFORMATION_FORMAT = "dwarf-with-dsym";
				ENABLE_NS_ASSERTIONS = NO;
				ENABLE_STRICT_OBJC_MSGSEND = YES;
				GCC_C_LANGUAGE_STANDARD = gnu11;
				GCC_NO_COMMON_BLOCKS = YES;
				GCC_WARN_64_TO_32_BIT_CONVERSION = YES;
				GCC_WARN_ABOUT_RETURN_TYPE = YES_ERROR;
				GCC_WARN_UNDECLARED_SELECTOR = YES;
				GCC_WARN_UNINITIALIZED_AUTOS = YES_AGGRESSIVE;
				GCC_WARN_UNUSED_FUNCTION = YES;
				GCC_WARN_UNUSED_VARIABLE = YES;
				IPHONEOS_DEPLOYMENT_TARGET = 13.2;
				MTL_ENABLE_DEBUG_INFO = NO;
				MTL_FAST_MATH = YES;
				SDKROOT = iphoneos;
				SWIFT_COMPILATION_MODE = wholemodule;
				SWIFT_OPTIMIZATION_LEVEL = "-O";
				VALIDATE_PRODUCT = YES;
			};
			name = Release;
		};
		C2CBF36D23CF22AD0089D758 /* Debug */ = {
			isa = XCBuildConfiguration;
			buildSettings = {
				ASSETCATALOG_COMPILER_APPICON_NAME = AppIcon;
				CODE_SIGN_STYLE = Automatic;
				INFOPLIST_FILE = "INOC-Calculator/Info.plist";
				LD_RUNPATH_SEARCH_PATHS = (
					"$(inherited)",
					"@executable_path/Frameworks",
				);
				PRODUCT_BUNDLE_IDENTIFIER = "xu-university.INOC-Calculator";
				PRODUCT_NAME = "$(TARGET_NAME)";
				SWIFT_VERSION = 5.0;
				TARGETED_DEVICE_FAMILY = "1,2";
			};
			name = Debug;
		};
		C2CBF36E23CF22AD0089D758 /* Release */ = {
			isa = XCBuildConfiguration;
			buildSettings = {
				ASSETCATALOG_COMPILER_APPICON_NAME = AppIcon;
				CODE_SIGN_STYLE = Automatic;
				INFOPLIST_FILE = "INOC-Calculator/Info.plist";
				LD_RUNPATH_SEARCH_PATHS = (
					"$(inherited)",
					"@executable_path/Frameworks",
				);
				PRODUCT_BUNDLE_IDENTIFIER = "xu-university.INOC-Calculator";
				PRODUCT_NAME = "$(TARGET_NAME)";
				SWIFT_VERSION = 5.0;
				TARGETED_DEVICE_FAMILY = "1,2";
			};
			name = Release;
		};
		C2CBF37023CF22AD0089D758 /* Debug */ = {
			isa = XCBuildConfiguration;
			buildSettings = {
				ALWAYS_EMBED_SWIFT_STANDARD_LIBRARIES = YES;
				BUNDLE_LOADER = "$(TEST_HOST)";
				CODE_SIGN_STYLE = Automatic;
				INFOPLIST_FILE = "INOC-CalculatorTests/Info.plist";
				IPHONEOS_DEPLOYMENT_TARGET = 13.2;
				LD_RUNPATH_SEARCH_PATHS = (
					"$(inherited)",
					"@executable_path/Frameworks",
					"@loader_path/Frameworks",
				);
				PRODUCT_BUNDLE_IDENTIFIER = "xu-university.INOC-CalculatorTests";
				PRODUCT_NAME = "$(TARGET_NAME)";
				SWIFT_VERSION = 5.0;
				TARGETED_DEVICE_FAMILY = "1,2";
				TEST_HOST = "$(BUILT_PRODUCTS_DIR)/INOC-Calculator.app/INOC-Calculator";
			};
			name = Debug;
		};
		C2CBF37123CF22AD0089D758 /* Release */ = {
			isa = XCBuildConfiguration;
			buildSettings = {
				ALWAYS_EMBED_SWIFT_STANDARD_LIBRARIES = YES;
				BUNDLE_LOADER = "$(TEST_HOST)";
				CODE_SIGN_STYLE = Automatic;
				INFOPLIST_FILE = "INOC-CalculatorTests/Info.plist";
				IPHONEOS_DEPLOYMENT_TARGET = 13.2;
				LD_RUNPATH_SEARCH_PATHS = (
					"$(inherited)",
					"@executable_path/Frameworks",
					"@loader_path/Frameworks",
				);
				PRODUCT_BUNDLE_IDENTIFIER = "xu-university.INOC-CalculatorTests";
				PRODUCT_NAME = "$(TARGET_NAME)";
				SWIFT_VERSION = 5.0;
				TARGETED_DEVICE_FAMILY = "1,2";
				TEST_HOST = "$(BUILT_PRODUCTS_DIR)/INOC-Calculator.app/INOC-Calculator";
			};
			name = Release;
		};
		C2CBF37323CF22AD0089D758 /* Debug */ = {
			isa = XCBuildConfiguration;
			buildSettings = {
				ALWAYS_EMBED_SWIFT_STANDARD_LIBRARIES = YES;
				CODE_SIGN_STYLE = Automatic;
				INFOPLIST_FILE = "INOC-CalculatorUITests/Info.plist";
				LD_RUNPATH_SEARCH_PATHS = (
					"$(inherited)",
					"@executable_path/Frameworks",
					"@loader_path/Frameworks",
				);
				PRODUCT_BUNDLE_IDENTIFIER = "xu-university.INOC-CalculatorUITests";
				PRODUCT_NAME = "$(TARGET_NAME)";
				SWIFT_VERSION = 5.0;
				TARGETED_DEVICE_FAMILY = "1,2";
				TEST_TARGET_NAME = "INOC-Calculator";
			};
			name = Debug;
		};
		C2CBF37423CF22AD0089D758 /* Release */ = {
			isa = XCBuildConfiguration;
			buildSettings = {
				ALWAYS_EMBED_SWIFT_STANDARD_LIBRARIES = YES;
				CODE_SIGN_STYLE = Automatic;
				INFOPLIST_FILE = "INOC-CalculatorUITests/Info.plist";
				LD_RUNPATH_SEARCH_PATHS = (
					"$(inherited)",
					"@executable_path/Frameworks",
					"@loader_path/Frameworks",
				);
				PRODUCT_BUNDLE_IDENTIFIER = "xu-university.INOC-CalculatorUITests";
				PRODUCT_NAME = "$(TARGET_NAME)";
				SWIFT_VERSION = 5.0;
				TARGETED_DEVICE_FAMILY = "1,2";
				TEST_TARGET_NAME = "INOC-Calculator";
			};
			name = Release;
		};
/* End XCBuildConfiguration section */

/* Begin XCConfigurationList section */
		C2CBF33A23CF229B0089D758 /* Build configuration list for PBXProject "INOC-Calculator" */ = {
			isa = XCConfigurationList;
			buildConfigurations = (
				C2CBF36A23CF22AD0089D758 /* Debug */,
				C2CBF36B23CF22AD0089D758 /* Release */,
			);
			defaultConfigurationIsVisible = 0;
			defaultConfigurationName = Release;
		};
		C2CBF36C23CF22AD0089D758 /* Build configuration list for PBXNativeTarget "INOC-Calculator" */ = {
			isa = XCConfigurationList;
			buildConfigurations = (
				C2CBF36D23CF22AD0089D758 /* Debug */,
				C2CBF36E23CF22AD0089D758 /* Release */,
			);
			defaultConfigurationIsVisible = 0;
			defaultConfigurationName = Release;
		};
		C2CBF36F23CF22AD0089D758 /* Build configuration list for PBXNativeTarget "INOC-CalculatorTests" */ = {
			isa = XCConfigurationList;
			buildConfigurations = (
				C2CBF37023CF22AD0089D758 /* Debug */,
				C2CBF37123CF22AD0089D758 /* Release */,
			);
			defaultConfigurationIsVisible = 0;
			defaultConfigurationName = Release;
		};
		C2CBF37223CF22AD0089D758 /* Build configuration list for PBXNativeTarget "INOC-CalculatorUITests" */ = {
			isa = XCConfigurationList;
			buildConfigurations = (
				C2CBF37323CF22AD0089D758 /* Debug */,
				C2CBF37423CF22AD0089D758 /* Release */,
			);
			defaultConfigurationIsVisible = 0;
			defaultConfigurationName = Release;
		};
/* End XCConfigurationList section */

/* Begin XCVersionGroup section */
		C2CBF34B23CF229C0089D758 /* INOC_Calculator.xcdatamodeld */ = {
			isa = XCVersionGroup;
			children = (
				C2CBF34C23CF229C0089D758 /* INOC_Calculator.xcdatamodel */,
			);
			currentVersion = C2CBF34C23CF229C0089D758 /* INOC_Calculator.xcdatamodel */;
			path = INOC_Calculator.xcdatamodeld;
			sourceTree = "<group>";
			versionGroupType = wrapper.xcdatamodel;
		};
/* End XCVersionGroup section */
	};
	rootObject = C2CBF33723CF229B0089D758 /* Project object */;
}
